{
  "lockfile_version": "1",
  "packages": {
    "flutter@latest": {
      "last_modified": "2025-05-06T08:06:31Z",
      "resolved": "github:NixOS/nixpkgs/1cb1c02a6b1b7cf67e3d7731cbbf327a53da9679#flutter",
      "source": "devbox-search",
      "version": "3.29.3-sdk-links",
      "systems": {
        "aarch64-darwin": {
          "outputs": [
            {
              "name": "out",
              "path": "/nix/store/yhh05l9s0ql5m21pqrphp4sxibjs9x54-flutter-wrapped-3.29.3-sdk-links",
              "default": true
            }
          ],
          "store_path": "/nix/store/yhh05l9s0ql5m21pqrphp4sxibjs9x54-flutter-wrapped-3.29.3-sdk-links"
        },
        "aarch64-linux": {
          "outputs": [
            {
              "name": "out",
              "path": "/nix/store/i3dljv7gnhglrv19049rcrz929j0s365-flutter-wrapped-3.29.3-sdk-links",
              "default": true
            }
          ],
          "store_path": "/nix/store/i3dljv7gnhglrv19049rcrz929j0s365-flutter-wrapped-3.29.3-sdk-links"
        },
        "x86_64-darwin": {
          "outputs": [
            {
              "name": "out",
              "path": "/nix/store/ay132gzpkb8s0yp8cli46hij2ngi2yvq-flutter-wrapped-3.29.3-sdk-links",
              "default": true
            }
          ],
          "store_path": "/nix/store/ay132gzpkb8s0yp8cli46hij2ngi2yvq-flutter-wrapped-3.29.3-sdk-links"
        },
        "x86_64-linux": {
          "outputs": [
            {
              "name": "out",
              "path": "/nix/store/91m0561ikfipdjvszvllyj4q8qis2743-flutter-wrapped-3.29.3-sdk-links",
              "default": true
            }
          ],
          "store_path": "/nix/store/91m0561ikfipdjvszvllyj4q8qis2743-flutter-wrapped-3.29.3-sdk-links"
        }
      }
    }
  }
}
